
Microsoft Visual Studio Solution File, Format Version 12.00
# Visual Studio 2012
Project("{FAE04EC0-301F-11D3-BF4B-00C04F79EFBC}") = "SPEmulatorTest", "SPEmulatorTest\SPEmulatorTest.csproj", "{22CD6815-CF0D-46EE-B8B4-FAFB19682112}"
EndProject
Global
	GlobalSection(SolutionConfigurationPlatforms) = preSolution
		Debug|Any CPU = Debug|Any CPU
		Release|Any CPU = Release|Any CPU
	EndGlobalSection
	GlobalSection(ProjectConfigurationPlatforms) = postSolution
		{22CD6815-CF0D-46EE-B8B4-FAFB19682112}.Debug|Any CPU.ActiveCfg = Debug|Any CPU
		{22CD6815-CF0D-46EE-B8B4-FAFB19682112}.Debug|Any CPU.Build.0 = Debug|Any CPU
		{22CD6815-CF0D-46EE-B8B4-FAFB19682112}.Debug|Any CPU.Deploy.0 = Debug|Any CPU
		{22CD6815-CF0D-46EE-B8B4-FAFB19682112}.Release|Any CPU.ActiveCfg = Release|Any CPU
		{22CD6815-CF0D-46EE-B8B4-FAFB19682112}.Release|Any CPU.Build.0 = Release|Any CPU
		{22CD6815-CF0D-46EE-B8B4-FAFB19682112}.Release|Any CPU.Deploy.0 = Release|Any CPU
	EndGlobalSection
	GlobalSection(SolutionProperties) = preSolution
		HideSolutionNode = FALSE
	EndGlobalSection
EndGlobal
